// !$*UTF8*$!
{
	archiveVersion = 1;
	classes = {
	};
	objectVersion = 50;
	objects = {

/* Begin PBXBuildFile section */
		6C4ED58B26AA21710095137C /* StationTableViewCell.swift in Sources */ = {isa = PBXBuildFile; fileRef = 6C4ED58A26AA21710095137C /* StationTableViewCell.swift */; };
		6C4ED59E26AA236A0095137C /* RadioStation.swift in Sources */ = {isa = PBXBuildFile; fileRef = 6C4ED59D26AA236A0095137C /* RadioStation.swift */; };
		6C4ED59F26AA236A0095137C /* DataManager.swift in Sources */ = {isa = PBXBuildFile; fileRef = 6C4ED59C26AA236A0095137C /* DataManager.swift */; };
		6C4ED5AC26AA26430095137C /* Radio_AVPlayer.swift in Sources */ = {isa = PBXBuildFile; fileRef = 6C4ED5AB26AA26430095137C /* Radio_AVPlayer.swift */; };
		6C4ED5C326AA38EE0095137C /* stations.json in Resources */ = {isa = PBXBuildFile; fileRef = 6C4ED5C226AA38EE0095137C /* stations.json */; };
		6C8A3715269FD6E4001BDE37 /* AppDelegate.swift in Sources */ = {isa = PBXBuildFile; fileRef = 6C8A3714269FD6E4001BDE37 /* AppDelegate.swift */; };
		6C8A3717269FD6E4001BDE37 /* SceneDelegate.swift in Sources */ = {isa = PBXBuildFile; fileRef = 6C8A3716269FD6E4001BDE37 /* SceneDelegate.swift */; };
		6C8A3719269FD6E4001BDE37 /* ViewController.swift in Sources */ = {isa = PBXBuildFile; fileRef = 6C8A3718269FD6E4001BDE37 /* ViewController.swift */; };
		6C8A371C269FD6E4001BDE37 /* Main.storyboard in Resources */ = {isa = PBXBuildFile; fileRef = 6C8A371A269FD6E4001BDE37 /* Main.storyboard */; };
		6C8A371E269FD6E7001BDE37 /* Assets.xcassets in Resources */ = {isa = PBXBuildFile; fileRef = 6C8A371D269FD6E7001BDE37 /* Assets.xcassets */; };
		6C8A3721269FD6E7001BDE37 /* LaunchScreen.storyboard in Resources */ = {isa = PBXBuildFile; fileRef = 6C8A371F269FD6E7001BDE37 /* LaunchScreen.storyboard */; };
		6C8A372C269FD6E7001BDE37 /* myRadio_iOS_SwiftTests.swift in Sources */ = {isa = PBXBuildFile; fileRef = 6C8A372B269FD6E7001BDE37 /* myRadio_iOS_SwiftTests.swift */; };
		6C8A3737269FD6E7001BDE37 /* myRadio_iOS_SwiftUITests.swift in Sources */ = {isa = PBXBuildFile; fileRef = 6C8A3736269FD6E7001BDE37 /* myRadio_iOS_SwiftUITests.swift */; };
/* End PBXBuildFile section */

/* Begin PBXContainerItemProxy section */
		6C8A3728269FD6E7001BDE37 /* PBXContainerItemProxy */ = {
			isa = PBXContainerItemProxy;
			containerPortal = 6C8A3709269FD6E4001BDE37 /* Project object */;
			proxyType = 1;
			remoteGlobalIDString = 6C8A3710269FD6E4001BDE37;
			remoteInfo = myRadio_iOS_Swift;
		};
		6C8A3733269FD6E7001BDE37 /* PBXContainerItemProxy */ = {
			isa = PBXContainerItemProxy;
			containerPortal = 6C8A3709269FD6E4001BDE37 /* Project object */;
			proxyType = 1;
			remoteGlobalIDString = 6C8A3710269FD6E4001BDE37;
			remoteInfo = myRadio_iOS_Swift;
		};
/* End PBXContainerItemProxy section */

/* Begin PBXFileReference section */
		6C4ED58A26AA21710095137C /* StationTableViewCell.swift */ = {isa = PBXFileReference; lastKnownFileType = sourcecode.swift; path = StationTableViewCell.swift; sourceTree = "<group>"; };
		6C4ED59C26AA236A0095137C /* DataManager.swift */ = {isa = PBXFileReference; lastKnownFileType = sourcecode.swift; path = DataManager.swift; sourceTree = "<group>"; };
		6C4ED59D26AA236A0095137C /* RadioStation.swift */ = {isa = PBXFileReference; lastKnownFileType = sourcecode.swift; path = RadioStation.swift; sourceTree = "<group>"; };
		6C4ED5AB26AA26430095137C /* Radio_AVPlayer.swift */ = {isa = PBXFileReference; lastKnownFileType = sourcecode.swift; path = Radio_AVPlayer.swift; sourceTree = "<group>"; };
		6C4ED5C226AA38EE0095137C /* stations.json */ = {isa = PBXFileReference; lastKnownFileType = text.json; path = stations.json; sourceTree = "<group>"; };
		6C8A3711269FD6E4001BDE37 /* myRadio_iOS_Swift.app */ = {isa = PBXFileReference; explicitFileType = wrapper.application; includeInIndex = 0; path = myRadio_iOS_Swift.app; sourceTree = BUILT_PRODUCTS_DIR; };
		6C8A3714269FD6E4001BDE37 /* AppDelegate.swift */ = {isa = PBXFileReference; lastKnownFileType = sourcecode.swift; path = AppDelegate.swift; sourceTree = "<group>"; };
		6C8A3716269FD6E4001BDE37 /* SceneDelegate.swift */ = {isa = PBXFileReference; lastKnownFileType = sourcecode.swift; path = SceneDelegate.swift; sourceTree = "<group>"; };
		6C8A3718269FD6E4001BDE37 /* ViewController.swift */ = {isa = PBXFileReference; lastKnownFileType = sourcecode.swift; path = ViewController.swift; sourceTree = "<group>"; };
		6C8A371B269FD6E4001BDE37 /* Base */ = {isa = PBXFileReference; lastKnownFileType = file.storyboard; name = Base; path = Base.lproj/Main.storyboard; sourceTree = "<group>"; };
		6C8A371D269FD6E7001BDE37 /* Assets.xcassets */ = {isa = PBXFileReference; lastKnownFileType = folder.assetcatalog; path = Assets.xcassets; sourceTree = "<group>"; };
		6C8A3720269FD6E7001BDE37 /* Base */ = {isa = PBXFileReference; lastKnownFileType = file.storyboard; name = Base; path = Base.lproj/LaunchScreen.storyboard; sourceTree = "<group>"; };
		6C8A3722269FD6E7001BDE37 /* Info.plist */ = {isa = PBXFileReference; lastKnownFileType = text.plist.xml; path = Info.plist; sourceTree = "<group>"; };
		6C8A3727269FD6E7001BDE37 /* myRadio_iOS_SwiftTests.xctest */ = {isa = PBXFileReference; explicitFileType = wrapper.cfbundle; includeInIndex = 0; path = myRadio_iOS_SwiftTests.xctest; sourceTree = BUILT_PRODUCTS_DIR; };
		6C8A372B269FD6E7001BDE37 /* myRadio_iOS_SwiftTests.swift */ = {isa = PBXFileReference; lastKnownFileType = sourcecode.swift; path = myRadio_iOS_SwiftTests.swift; sourceTree = "<group>"; };
		6C8A372D269FD6E7001BDE37 /* Info.plist */ = {isa = PBXFileReference; lastKnownFileType = text.plist.xml; path = Info.plist; sourceTree = "<group>"; };
		6C8A3732269FD6E7001BDE37 /* myRadio_iOS_SwiftUITests.xctest */ = {isa = PBXFileReference; explicitFileType = wrapper.cfbundle; includeInIndex = 0; path = myRadio_iOS_SwiftUITests.xctest; sourceTree = BUILT_PRODUCTS_DIR; };
		6C8A3736269FD6E7001BDE37 /* myRadio_iOS_SwiftUITests.swift */ = {isa = PBXFileReference; lastKnownFileType = sourcecode.swift; path = myRadio_iOS_SwiftUITests.swift; sourceTree = "<group>"; };
		6C8A3738269FD6E7001BDE37 /* Info.plist */ = {isa = PBXFileReference; lastKnownFileType = text.plist.xml; path = Info.plist; sourceTree = "<group>"; };
/* End PBXFileReference section */

/* Begin PBXFrameworksBuildPhase section */
		6C8A370E269FD6E4001BDE37 /* Frameworks */ = {
			isa = PBXFrameworksBuildPhase;
			buildActionMask = 2147483647;
			files = (
			);
			runOnlyForDeploymentPostprocessing = 0;
		};
		6C8A3724269FD6E7001BDE37 /* Frameworks */ = {
			isa = PBXFrameworksBuildPhase;
			buildActionMask = 2147483647;
			files = (
			);
			runOnlyForDeploymentPostprocessing = 0;
		};
		6C8A372F269FD6E7001BDE37 /* Frameworks */ = {
			isa = PBXFrameworksBuildPhase;
			buildActionMask = 2147483647;
			files = (
			);
			runOnlyForDeploymentPostprocessing = 0;
		};
/* End PBXFrameworksBuildPhase section */

/* Begin PBXGroup section */
		6C4ED58926AA16D60095137C /* Cells */ = {
			isa = PBXGroup;
			children = (
				6C4ED58A26AA21710095137C /* StationTableViewCell.swift */,
			);
			path = Cells;
			sourceTree = "<group>";
		};
		6C4ED59526AA227C0095137C /* Data */ = {
			isa = PBXGroup;
			children = (
				6C4ED5C226AA38EE0095137C /* stations.json */,
				6C4ED59C26AA236A0095137C /* DataManager.swift */,
				6C4ED59D26AA236A0095137C /* RadioStation.swift */,
			);
			path = Data;
			sourceTree = "<group>";
		};
		6C8A3708269FD6E4001BDE37 = {
			isa = PBXGroup;
			children = (
				6C8A3713269FD6E4001BDE37 /* myRadio_iOS_Swift */,
				6C8A372A269FD6E7001BDE37 /* myRadio_iOS_SwiftTests */,
				6C8A3735269FD6E7001BDE37 /* myRadio_iOS_SwiftUITests */,
				6C8A3712269FD6E4001BDE37 /* Products */,
			);
			sourceTree = "<group>";
		};
		6C8A3712269FD6E4001BDE37 /* Products */ = {
			isa = PBXGroup;
			children = (
				6C8A3711269FD6E4001BDE37 /* myRadio_iOS_Swift.app */,
				6C8A3727269FD6E7001BDE37 /* myRadio_iOS_SwiftTests.xctest */,
				6C8A3732269FD6E7001BDE37 /* myRadio_iOS_SwiftUITests.xctest */,
			);
			name = Products;
			sourceTree = "<group>";
		};
		6C8A3713269FD6E4001BDE37 /* myRadio_iOS_Swift */ = {
			isa = PBXGroup;
			children = (
				6C8A3718269FD6E4001BDE37 /* ViewController.swift */,
				6C4ED5AB26AA26430095137C /* Radio_AVPlayer.swift */,
				6C4ED59526AA227C0095137C /* Data */,
				6C4ED58926AA16D60095137C /* Cells */,
				6C8A3714269FD6E4001BDE37 /* AppDelegate.swift */,
				6C8A3716269FD6E4001BDE37 /* SceneDelegate.swift */,
				6C8A371A269FD6E4001BDE37 /* Main.storyboard */,
				6C8A371D269FD6E7001BDE37 /* Assets.xcassets */,
				6C8A371F269FD6E7001BDE37 /* LaunchScreen.storyboard */,
				6C8A3722269FD6E7001BDE37 /* Info.plist */,
			);
			path = myRadio_iOS_Swift;
			sourceTree = "<group>";
		};
		6C8A372A269FD6E7001BDE37 /* myRadio_iOS_SwiftTests */ = {
			isa = PBXGroup;
			children = (
				6C8A372B269FD6E7001BDE37 /* myRadio_iOS_SwiftTests.swift */,
				6C8A372D269FD6E7001BDE37 /* Info.plist */,
			);
			path = myRadio_iOS_SwiftTests;
			sourceTree = "<group>";
		};
		6C8A3735269FD6E7001BDE37 /* myRadio_iOS_SwiftUITests */ = {
			isa = PBXGroup;
			children = (
				6C8A3736269FD6E7001BDE37 /* myRadio_iOS_SwiftUITests.swift */,
				6C8A3738269FD6E7001BDE37 /* Info.plist */,
			);
			path = myRadio_iOS_SwiftUITests;
			sourceTree = "<group>";
		};
/* End PBXGroup section */

/* Begin PBXNativeTarget section */
		6C8A3710269FD6E4001BDE37 /* myRadio_iOS_Swift */ = {
			isa = PBXNativeTarget;
			buildConfigurationList = 6C8A373B269FD6E7001BDE37 /* Build configuration list for PBXNativeTarget "myRadio_iOS_Swift" */;
			buildPhases = (
				6C8A370D269FD6E4001BDE37 /* Sources */,
				6C8A370E269FD6E4001BDE37 /* Frameworks */,
				6C8A370F269FD6E4001BDE37 /* Resources */,
			);
			buildRules = (
			);
			dependencies = (
			);
			name = myRadio_iOS_Swift;
			productName = myRadio_iOS_Swift;
			productReference = 6C8A3711269FD6E4001BDE37 /* myRadio_iOS_Swift.app */;
			productType = "com.apple.product-type.application";
		};
		6C8A3726269FD6E7001BDE37 /* myRadio_iOS_SwiftTests */ = {
			isa = PBXNativeTarget;
			buildConfigurationList = 6C8A373E269FD6E7001BDE37 /* Build configuration list for PBXNativeTarget "myRadio_iOS_SwiftTests" */;
			buildPhases = (
				6C8A3723269FD6E7001BDE37 /* Sources */,
				6C8A3724269FD6E7001BDE37 /* Frameworks */,
				6C8A3725269FD6E7001BDE37 /* Resources */,
			);
			buildRules = (
			);
			dependencies = (
				6C8A3729269FD6E7001BDE37 /* PBXTargetDependency */,
			);
			name = myRadio_iOS_SwiftTests;
			productName = myRadio_iOS_SwiftTests;
			productReference = 6C8A3727269FD6E7001BDE37 /* myRadio_iOS_SwiftTests.xctest */;
			productType = "com.apple.product-type.bundle.unit-test";
		};
		6C8A3731269FD6E7001BDE37 /* myRadio_iOS_SwiftUITests */ = {
			isa = PBXNativeTarget;
			buildConfigurationList = 6C8A3741269FD6E7001BDE37 /* Build configuration list for PBXNativeTarget "myRadio_iOS_SwiftUITests" */;
			buildPhases = (
				6C8A372E269FD6E7001BDE37 /* Sources */,
				6C8A372F269FD6E7001BDE37 /* Frameworks */,
				6C8A3730269FD6E7001BDE37 /* Resources */,
			);
			buildRules = (
			);
			dependencies = (
				6C8A3734269FD6E7001BDE37 /* PBXTargetDependency */,
			);
			name = myRadio_iOS_SwiftUITests;
			productName = myRadio_iOS_SwiftUITests;
			productReference = 6C8A3732269FD6E7001BDE37 /* myRadio_iOS_SwiftUITests.xctest */;
			productType = "com.apple.product-type.bundle.ui-testing";
		};
/* End PBXNativeTarget section */

/* Begin PBXProject section */
		6C8A3709269FD6E4001BDE37 /* Project object */ = {
			isa = PBXProject;
			attributes = {
				LastSwiftUpdateCheck = 1240;
				LastUpgradeCheck = 1240;
				TargetAttributes = {
					6C8A3710269FD6E4001BDE37 = {
						CreatedOnToolsVersion = 12.4;
					};
					6C8A3726269FD6E7001BDE37 = {
						CreatedOnToolsVersion = 12.4;
						TestTargetID = 6C8A3710269FD6E4001BDE37;
					};
					6C8A3731269FD6E7001BDE37 = {
						CreatedOnToolsVersion = 12.4;
						TestTargetID = 6C8A3710269FD6E4001BDE37;
					};
				};
			};
			buildConfigurationList = 6C8A370C269FD6E4001BDE37 /* Build configuration list for PBXProject "myRadio_iOS_Swift" */;
			compatibilityVersion = "Xcode 9.3";
			developmentRegion = en;
			hasScannedForEncodings = 0;
			knownRegions = (
				en,
				Base,
			);
			mainGroup = 6C8A3708269FD6E4001BDE37;
			productRefGroup = 6C8A3712269FD6E4001BDE37 /* Products */;
			projectDirPath = "";
			projectRoot = "";
			targets = (
				6C8A3710269FD6E4001BDE37 /* myRadio_iOS_Swift */,
				6C8A3726269FD6E7001BDE37 /* myRadio_iOS_SwiftTests */,
				6C8A3731269FD6E7001BDE37 /* myRadio_iOS_SwiftUITests */,
			);
		};
/* End PBXProject section */

/* Begin PBXResourcesBuildPhase section */
		6C8A370F269FD6E4001BDE37 /* Resources */ = {
			isa = PBXResourcesBuildPhase;
			buildActionMask = 2147483647;
			files = (
				6C8A3721269FD6E7001BDE37 /* LaunchScreen.storyboard in Resources */,
				6C8A371E269FD6E7001BDE37 /* Assets.xcassets in Resources */,
				6C4ED5C326AA38EE0095137C /* stations.json in Resources */,
				6C8A371C269FD6E4001BDE37 /* Main.storyboard in Resources */,
			);
			runOnlyForDeploymentPostprocessing = 0;
		};
		6C8A3725269FD6E7001BDE37 /* Resources */ = {
			isa = PBXResourcesBuildPhase;
			buildActionMask = 2147483647;
			files = (
			);
			runOnlyForDeploymentPostprocessing = 0;
		};
		6C8A3730269FD6E7001BDE37 /* Resources */ = {
			isa = PBXResourcesBuildPhase;
			buildActionMask = 2147483647;
			files = (
			);
			runOnlyForDeploymentPostprocessing = 0;
		};
/* End PBXResourcesBuildPhase section */

/* Begin PBXSourcesBuildPhase section */
		6C8A370D269FD6E4001BDE37 /* Sources */ = {
			isa = PBXSourcesBuildPhase;
			buildActionMask = 2147483647;
			files = (
				6C8A3719269FD6E4001BDE37 /* ViewController.swift in Sources */,
				6C4ED59F26AA236A0095137C /* DataManager.swift in Sources */,
				6C4ED58B26AA21710095137C /* StationTableViewCell.swift in Sources */,
				6C8A3715269FD6E4001BDE37 /* AppDelegate.swift in Sources */,
				6C4ED59E26AA236A0095137C /* RadioStation.swift in Sources */,
				6C8A3717269FD6E4001BDE37 /* SceneDelegate.swift in Sources */,
				6C4ED5AC26AA26430095137C /* Radio_AVPlayer.swift in Sources */,
			);
			runOnlyForDeploymentPostprocessing = 0;
		};
		6C8A3723269FD6E7001BDE37 /* Sources */ = {
			isa = PBXSourcesBuildPhase;
			buildActionMask = 2147483647;
			files = (
				6C8A372C269FD6E7001BDE37 /* myRadio_iOS_SwiftTests.swift in Sources */,
			);
			runOnlyForDeploymentPostprocessing = 0;
		};
		6C8A372E269FD6E7001BDE37 /* Sources */ = {
			isa = PBXSourcesBuildPhase;
			buildActionMask = 2147483647;
			files = (
				6C8A3737269FD6E7001BDE37 /* myRadio_iOS_SwiftUITests.swift in Sources */,
			);
			runOnlyForDeploymentPostprocessing = 0;
		};
/* End PBXSourcesBuildPhase section */

/* Begin PBXTargetDependency section */
		6C8A3729269FD6E7001BDE37 /* PBXTargetDependency */ = {
			isa = PBXTargetDependency;
			target = 6C8A3710269FD6E4001BDE37 /* myRadio_iOS_Swift */;
			targetProxy = 6C8A3728269FD6E7001BDE37 /* PBXContainerItemProxy */;
		};
		6C8A3734269FD6E7001BDE37 /* PBXTargetDependency */ = {
			isa = PBXTargetDependency;
			target = 6C8A3710269FD6E4001BDE37 /* myRadio_iOS_Swift */;
			targetProxy = 6C8A3733269FD6E7001BDE37 /* PBXContainerItemProxy */;
		};
/* End PBXTargetDependency section */

/* Begin PBXVariantGroup section */
		6C8A371A269FD6E4001BDE37 /* Main.storyboard */ = {
			isa = PBXVariantGroup;
			children = (
				6C8A371B269FD6E4001BDE37 /* Base */,
			);
			name = Main.storyboard;
			sourceTree = "<group>";
		};
		6C8A371F269FD6E7001BDE37 /* LaunchScreen.storyboard */ = {
			isa = PBXVariantGroup;
			children = (
				6C8A3720269FD6E7001BDE37 /* Base */,
			);
			name = LaunchScreen.storyboard;
			sourceTree = "<group>";
		};
/* End PBXVariantGroup section */

/* Begin XCBuildConfiguration section */
		6C8A3739269FD6E7001BDE37 /* Debug */ = {
			isa = XCBuildConfiguration;
			buildSettings = {
				ALWAYS_SEARCH_USER_PATHS = NO;
				CLANG_ANALYZER_NONNULL = YES;
				CLANG_ANALYZER_NUMBER_OBJECT_CONVERSION = YES_AGGRESSIVE;
				CLANG_CXX_LANGUAGE_STANDARD = "gnu++14";
				CLANG_CXX_LIBRARY = "libc++";
				CLANG_ENABLE_MODULES = YES;
				CLANG_ENABLE_OBJC_ARC = YES;
				CLANG_ENABLE_OBJC_WEAK = YES;
				CLANG_WARN_BLOCK_CAPTURE_AUTORELEASING = YES;
				CLANG_WARN_BOOL_CONVERSION = YES;
				CLANG_WARN_COMMA = YES;
				CLANG_WARN_CONSTANT_CONVERSION = YES;
				CLANG_WARN_DEPRECATED_OBJC_IMPLEMENTATIONS = YES;
				CLANG_WARN_DIRECT_OBJC_ISA_USAGE = YES_ERROR;
				CLANG_WARN_DOCUMENTATION_COMMENTS = YES;
				CLANG_WARN_EMPTY_BODY = YES;
				CLANG_WARN_ENUM_CONVERSION = YES;
				CLANG_WARN_INFINITE_RECURSION = YES;
				CLANG_WARN_INT_CONVERSION = YES;
				CLANG_WARN_NON_LITERAL_NULL_CONVERSION = YES;
				CLANG_WARN_OBJC_IMPLICIT_RETAIN_SELF = YES;
				CLANG_WARN_OBJC_LITERAL_CONVERSION = YES;
				CLANG_WARN_OBJC_ROOT_CLASS = YES_ERROR;
				CLANG_WARN_QUOTED_INCLUDE_IN_FRAMEWORK_HEADER = YES;
				CLANG_WARN_RANGE_LOOP_ANALYSIS = YES;
				CLANG_WARN_STRICT_PROTOTYPES = YES;
				CLANG_WARN_SUSPICIOUS_MOVE = YES;
				CLANG_WARN_UNGUARDED_AVAILABILITY = YES_AGGRESSIVE;
				CLANG_WARN_UNREACHABLE_CODE = YES;
				CLANG_WARN__DUPLICATE_METHOD_MATCH = YES;
				COPY_PHASE_STRIP = NO;
				DEBUG_INFORMATION_FORMAT = dwarf;
				ENABLE_STRICT_OBJC_MSGSEND = YES;
				ENABLE_TESTABILITY = YES;
				GCC_C_LANGUAGE_STANDARD = gnu11;
				GCC_DYNAMIC_NO_PIC = NO;
				GCC_NO_COMMON_BLOCKS = YES;
				GCC_OPTIMIZATION_LEVEL = 0;
				GCC_PREPROCESSOR_DEFINITIONS = (
					"DEBUG=1",
					"$(inherited)",
				);
				GCC_WARN_64_TO_32_BIT_CONVERSION = YES;
				GCC_WARN_ABOUT_RETURN_TYPE = YES_ERROR;
				GCC_WARN_UNDECLARED_SELECTOR = YES;
				GCC_WARN_UNINITIALIZED_AUTOS = YES_AGGRESSIVE;
				GCC_WARN_UNUSED_FUNCTION = YES;
				GCC_WARN_UNUSED_VARIABLE = YES;
				IPHONEOS_DEPLOYMENT_TARGET = 12.1;
				MTL_ENABLE_DEBUG_INFO = INCLUDE_SOURCE;
				MTL_FAST_MATH = YES;
				ONLY_ACTIVE_ARCH = YES;
				SDKROOT = iphoneos;
				SWIFT_ACTIVE_COMPILATION_CONDITIONS = DEBUG;
				SWIFT_OPTIMIZATION_LEVEL = "-Onone";
			};
			name = Debug;
		};
		6C8A373A269FD6E7001BDE37 /* Release */ = {
			isa = XCBuildConfiguration;
			buildSettings = {
				ALWAYS_SEARCH_USER_PATHS = NO;
				CLANG_ANALYZER_NONNULL = YES;
				CLANG_ANALYZER_NUMBER_OBJECT_CONVERSION = YES_AGGRESSIVE;
				CLANG_CXX_LANGUAGE_STANDARD = "gnu++14";
				CLANG_CXX_LIBRARY = "libc++";
				CLANG_ENABLE_MODULES = YES;
				CLANG_ENABLE_OBJC_ARC = YES;
				CLANG_ENABLE_OBJC_WEAK = YES;
				CLANG_WARN_BLOCK_CAPTURE_AUTORELEASING = YES;
				CLANG_WARN_BOOL_CONVERSION = YES;
				CLANG_WARN_COMMA = YES;
				CLANG_WARN_CONSTANT_CONVERSION = YES;
				CLANG_WARN_DEPRECATED_OBJC_IMPLEMENTATIONS = YES;
				CLANG_WARN_DIRECT_OBJC_ISA_USAGE = YES_ERROR;
				CLANG_WARN_DOCUMENTATION_COMMENTS = YES;
				CLANG_WARN_EMPTY_BODY = YES;
				CLANG_WARN_ENUM_CONVERSION = YES;
				CLANG_WARN_INFINITE_RECURSION = YES;
				CLANG_WARN_INT_CONVERSION = YES;
				CLANG_WARN_NON_LITERAL_NULL_CONVERSION = YES;
				CLANG_WARN_OBJC_IMPLICIT_RETAIN_SELF = YES;
				CLANG_WARN_OBJC_LITERAL_CONVERSION = YES;
				CLANG_WARN_OBJC_ROOT_CLASS = YES_ERROR;
				CLANG_WARN_QUOTED_INCLUDE_IN_FRAMEWORK_HEADER = YES;
				CLANG_WARN_RANGE_LOOP_ANALYSIS = YES;
				CLANG_WARN_STRICT_PROTOTYPES = YES;
				CLANG_WARN_SUSPICIOUS_MOVE = YES;
				CLANG_WARN_UNGUARDED_AVAILABILITY = YES_AGGRESSIVE;
				CLANG_WARN_UNREACHABLE_CODE = YES;
				CLANG_WARN__DUPLICATE_METHOD_MATCH = YES;
				COPY_PHASE_STRIP = NO;
				DEBUG_INFORMATION_FORMAT = "dwarf-with-dsym";
				ENABLE_NS_ASSERTIONS = NO;
				ENABLE_STRICT_OBJC_MSGSEND = YES;
				GCC_C_LANGUAGE_STANDARD = gnu11;
				GCC_NO_COMMON_BLOCKS = YES;
				GCC_WARN_64_TO_32_BIT_CONVERSION = YES;
				GCC_WARN_ABOUT_RETURN_TYPE = YES_ERROR;
				GCC_WARN_UNDECLARED_SELECTOR = YES;
				GCC_WARN_UNINITIALIZED_AUTOS = YES_AGGRESSIVE;
				GCC_WARN_UNUSED_FUNCTION = YES;
				GCC_WARN_UNUSED_VARIABLE = YES;
				IPHONEOS_DEPLOYMENT_TARGET = 12.1;
				MTL_ENABLE_DEBUG_INFO = NO;
				MTL_FAST_MATH = YES;
				SDKROOT = iphoneos;
				SWIFT_COMPILATION_MODE = wholemodule;
				SWIFT_OPTIMIZATION_LEVEL = "-O";
				VALIDATE_PRODUCT = YES;
			};
			name = Release;
		};
		6C8A373C269FD6E7001BDE37 /* Debug */ = {
			isa = XCBuildConfiguration;
			buildSettings = {
				ASSETCATALOG_COMPILER_APPICON_NAME = AppIcon;
				ASSETCATALOG_COMPILER_GLOBAL_ACCENT_COLOR_NAME = AccentColor;
				CODE_SIGN_STYLE = Automatic;
				DEVELOPMENT_TEAM = UJUV73D953;
				INFOPLIST_FILE = myRadio_iOS_Swift/Info.plist;
				IPHONEOS_DEPLOYMENT_TARGET = 12.1;
				LD_RUNPATH_SEARCH_PATHS = (
					"$(inherited)",
					"@executable_path/Frameworks",
				);
				PRODUCT_BUNDLE_IDENTIFIER = "com.add.soft.myRadio-iOS-Swift";
				PRODUCT_NAME = "$(TARGET_NAME)";
				SWIFT_VERSION = 5.0;
				TARGETED_DEVICE_FAMILY = "1,2";
			};
			name = Debug;
		};
		6C8A373D269FD6E7001BDE37 /* Release */ = {
			isa = XCBuildConfiguration;
			buildSettings = {
				ASSETCATALOG_COMPILER_APPICON_NAME = AppIcon;
				ASSETCATALOG_COMPILER_GLOBAL_ACCENT_COLOR_NAME = AccentColor;
				CODE_SIGN_STYLE = Automatic;
				DEVELOPMENT_TEAM = UJUV73D953;
				INFOPLIST_FILE = myRadio_iOS_Swift/Info.plist;
				IPHONEOS_DEPLOYMENT_TARGET = 12.1;
				LD_RUNPATH_SEARCH_PATHS = (
					"$(inherited)",
					"@executable_path/Frameworks",
				);
				PRODUCT_BUNDLE_IDENTIFIER = "com.add.soft.myRadio-iOS-Swift";
				PRODUCT_NAME = "$(TARGET_NAME)";
				SWIFT_VERSION = 5.0;
				TARGETED_DEVICE_FAMILY = "1,2";
			};
			name = Release;
		};
		6C8A373F269FD6E7001BDE37 /* Debug */ = {
			isa = XCBuildConfiguration;
			buildSettings = {
				ALWAYS_EMBED_SWIFT_STANDARD_LIBRARIES = YES;
				BUNDLE_LOADER = "$(TEST_HOST)";
				CODE_SIGN_STYLE = Automatic;
				DEVELOPMENT_TEAM = UJUV73D953;
				INFOPLIST_FILE = myRadio_iOS_SwiftTests/Info.plist;
				IPHONEOS_DEPLOYMENT_TARGET = 14.4;
				LD_RUNPATH_SEARCH_PATHS = (
					"$(inherited)",
					"@executable_path/Frameworks",
					"@loader_path/Frameworks",
				);
				PRODUCT_BUNDLE_IDENTIFIER = "com.add.soft.myRadio-iOS-SwiftTests";
				PRODUCT_NAME = "$(TARGET_NAME)";
				SWIFT_VERSION = 5.0;
				TARGETED_DEVICE_FAMILY = "1,2";
				TEST_HOST = "$(BUILT_PRODUCTS_DIR)/myRadio_iOS_Swift.app/myRadio_iOS_Swift";
			};
			name = Debug;
		};
		6C8A3740269FD6E7001BDE37 /* Release */ = {
			isa = XCBuildConfiguration;
			buildSettings = {
				ALWAYS_EMBED_SWIFT_STANDARD_LIBRARIES = YES;
				BUNDLE_LOADER = "$(TEST_HOST)";
				CODE_SIGN_STYLE = Automatic;
				DEVELOPMENT_TEAM = UJUV73D953;
				INFOPLIST_FILE = myRadio_iOS_SwiftTests/Info.plist;
				IPHONEOS_DEPLOYMENT_TARGET = 14.4;
				LD_RUNPATH_SEARCH_PATHS = (
					"$(inherited)",
					"@executable_path/Frameworks",
					"@loader_path/Frameworks",
				);
				PRODUCT_BUNDLE_IDENTIFIER = "com.add.soft.myRadio-iOS-SwiftTests";
				PRODUCT_NAME = "$(TARGET_NAME)";
				SWIFT_VERSION = 5.0;
				TARGETED_DEVICE_FAMILY = "1,2";
				TEST_HOST = "$(BUILT_PRODUCTS_DIR)/myRadio_iOS_Swift.app/myRadio_iOS_Swift";
			};
			name = Release;
		};
		6C8A3742269FD6E7001BDE37 /* Debug */ = {
			isa = XCBuildConfiguration;
			buildSettings = {
				ALWAYS_EMBED_SWIFT_STANDARD_LIBRARIES = YES;
				CODE_SIGN_STYLE = Automatic;
				DEVELOPMENT_TEAM = UJUV73D953;
				INFOPLIST_FILE = myRadio_iOS_SwiftUITests/Info.plist;
				LD_RUNPATH_SEARCH_PATHS = (
					"$(inherited)",
					"@executable_path/Frameworks",
					"@loader_path/Frameworks",
				);
				PRODUCT_BUNDLE_IDENTIFIER = "com.add.soft.myRadio-iOS-SwiftUITests";
				PRODUCT_NAME = "$(TARGET_NAME)";
				SWIFT_VERSION = 5.0;
				TARGETED_DEVICE_FAMILY = "1,2";
				TEST_TARGET_NAME = myRadio_iOS_Swift;
			};
			name = Debug;
		};
		6C8A3743269FD6E7001BDE37 /* Release */ = {
			isa = XCBuildConfiguration;
			buildSettings = {
				ALWAYS_EMBED_SWIFT_STANDARD_LIBRARIES = YES;
				CODE_SIGN_STYLE = Automatic;
				DEVELOPMENT_TEAM = UJUV73D953;
				INFOPLIST_FILE = myRadio_iOS_SwiftUITests/Info.plist;
				LD_RUNPATH_SEARCH_PATHS = (
					"$(inherited)",
					"@executable_path/Frameworks",
					"@loader_path/Frameworks",
				);
				PRODUCT_BUNDLE_IDENTIFIER = "com.add.soft.myRadio-iOS-SwiftUITests";
				PRODUCT_NAME = "$(TARGET_NAME)";
				SWIFT_VERSION = 5.0;
				TARGETED_DEVICE_FAMILY = "1,2";
				TEST_TARGET_NAME = myRadio_iOS_Swift;
			};
			name = Release;
		};
/* End XCBuildConfiguration section */

/* Begin XCConfigurationList section */
		6C8A370C269FD6E4001BDE37 /* Build configuration list for PBXProject "myRadio_iOS_Swift" */ = {
			isa = XCConfigurationList;
			buildConfigurations = (
				6C8A3739269FD6E7001BDE37 /* Debug */,
				6C8A373A269FD6E7001BDE37 /* Release */,
			);
			defaultConfigurationIsVisible = 0;
			defaultConfigurationName = Release;
		};
		6C8A373B269FD6E7001BDE37 /* Build configuration list for PBXNativeTarget "myRadio_iOS_Swift" */ = {
			isa = XCConfigurationList;
			buildConfigurations = (
				6C8A373C269FD6E7001BDE37 /* Debug */,
				6C8A373D269FD6E7001BDE37 /* Release */,
			);
			defaultConfigurationIsVisible = 0;
			defaultConfigurationName = Release;
		};
		6C8A373E269FD6E7001BDE37 /* Build configuration list for PBXNativeTarget "myRadio_iOS_SwiftTests" */ = {
			isa = XCConfigurationList;
			buildConfigurations = (
				6C8A373F269FD6E7001BDE37 /* Debug */,
				6C8A3740269FD6E7001BDE37 /* Release */,
			);
			defaultConfigurationIsVisible = 0;
			defaultConfigurationName = Release;
		};
		6C8A3741269FD6E7001BDE37 /* Build configuration list for PBXNativeTarget "myRadio_iOS_SwiftUITests" */ = {
			isa = XCConfigurationList;
			buildConfigurations = (
				6C8A3742269FD6E7001BDE37 /* Debug */,
				6C8A3743269FD6E7001BDE37 /* Release */,
			);
			defaultConfigurationIsVisible = 0;
			defaultConfigurationName = Release;
		};
/* End XCConfigurationList section */
	};
	rootObject = 6C8A3709269FD6E4001BDE37 /* Project object */;
}
